
Microsoft Visual Studio Solution File, Format Version 12.00
# Visual Studio Version 16
VisualStudioVersion = 16.0.31025.194
MinimumVisualStudioVersion = 10.0.40219.1
Project("{FAE04EC0-301F-11D3-BF4B-00C04F79EFBC}") = "Synic", "Synic v2\Synic.csproj", "{8151CE8C-0525-4722-8C8A-33FE16205B00}"
EndProject
Global
	GlobalSection(SolutionConfigurationPlatforms) = preSolution
		Debug|Any CPU = Debug|Any CPU
		Release|Any CPU = Release|Any CPU
	EndGlobalSection
	GlobalSection(ProjectConfigurationPlatforms) = postSolution
		{8151CE8C-0525-4722-8C8A-33FE16205B00}.Debug|Any CPU.ActiveCfg = Debug|Any CPU
		{8151CE8C-0525-4722-8C8A-33FE16205B00}.Debug|Any CPU.Build.0 = Debug|Any CPU
		{8151CE8C-0525-4722-8C8A-33FE16205B00}.Release|Any CPU.ActiveCfg = Release|Any CPU
		{8151CE8C-0525-4722-8C8A-33FE16205B00}.Release|Any CPU.Build.0 = Release|Any CPU
	EndGlobalSection
	GlobalSection(SolutionProperties) = preSolution
		HideSolutionNode = FALSE
	EndGlobalSection
	GlobalSection(ExtensibilityGlobals) = postSolution
		SolutionGuid = {AEE945FC-B708-4D8C-95AC-48FD5AD6B639}
	EndGlobalSection
EndGlobal
